
Microsoft Visual Studio Solution File, Format Version 12.00
# Visual Studio Version 17
VisualStudioVersion = 17.0.31903.59
MinimumVisualStudioVersion = 10.0.40219.1
Project("{2150E333-8FDC-42A3-9474-1A3956D46DE8}") = "src", "src", "{EF68239C-A82D-4C48-854A-C47FB9E409ED}"
EndProject
Project("{FAE04EC0-301F-11D3-BF4B-00C04F79EFBC}") = "Restaurants.API", "src\Restaurants.API\Restaurants.API.csproj", "{39797345-C3F8-4FAE-969A-EAD539D09BB6}"
EndProject
Project("{FAE04EC0-301F-11D3-BF4B-00C04F79EFBC}") = "Restaurants.Application", "src\Restaurants.Application\Restaurants.Application.csproj", "{E46D96E5-BC8E-43FE-9A67-65FCBA953181}"
EndProject
Project("{FAE04EC0-301F-11D3-BF4B-00C04F79EFBC}") = "Restaurants.Domain", "src\Restaurants.Domain\Restaurants.Domain.csproj", "{930B0FE6-5C2D-46F9-9E71-38A7D41660A5}"
EndProject
Project("{FAE04EC0-301F-11D3-BF4B-00C04F79EFBC}") = "Restaurants.Infrastructure", "src\Restaurants.Infrastructure\Restaurants.Infrastructure.csproj", "{B00B4496-E5BD-4708-8809-8DC65E362BDC}"
EndProject
Global
	GlobalSection(SolutionConfigurationPlatforms) = preSolution
		Debug|Any CPU = Debug|Any CPU
		Release|Any CPU = Release|Any CPU
	EndGlobalSection
	GlobalSection(SolutionProperties) = preSolution
		HideSolutionNode = FALSE
	EndGlobalSection
	GlobalSection(ProjectConfigurationPlatforms) = postSolution
		{39797345-C3F8-4FAE-969A-EAD539D09BB6}.Debug|Any CPU.ActiveCfg = Debug|Any CPU
		{39797345-C3F8-4FAE-969A-EAD539D09BB6}.Debug|Any CPU.Build.0 = Debug|Any CPU
		{39797345-C3F8-4FAE-969A-EAD539D09BB6}.Release|Any CPU.ActiveCfg = Release|Any CPU
		{39797345-C3F8-4FAE-969A-EAD539D09BB6}.Release|Any CPU.Build.0 = Release|Any CPU
		{E46D96E5-BC8E-43FE-9A67-65FCBA953181}.Debug|Any CPU.ActiveCfg = Debug|Any CPU
		{E46D96E5-BC8E-43FE-9A67-65FCBA953181}.Debug|Any CPU.Build.0 = Debug|Any CPU
		{E46D96E5-BC8E-43FE-9A67-65FCBA953181}.Release|Any CPU.ActiveCfg = Release|Any CPU
		{E46D96E5-BC8E-43FE-9A67-65FCBA953181}.Release|Any CPU.Build.0 = Release|Any CPU
		{930B0FE6-5C2D-46F9-9E71-38A7D41660A5}.Debug|Any CPU.ActiveCfg = Debug|Any CPU
		{930B0FE6-5C2D-46F9-9E71-38A7D41660A5}.Debug|Any CPU.Build.0 = Debug|Any CPU
		{930B0FE6-5C2D-46F9-9E71-38A7D41660A5}.Release|Any CPU.ActiveCfg = Release|Any CPU
		{930B0FE6-5C2D-46F9-9E71-38A7D41660A5}.Release|Any CPU.Build.0 = Release|Any CPU
		{B00B4496-E5BD-4708-8809-8DC65E362BDC}.Debug|Any CPU.ActiveCfg = Debug|Any CPU
		{B00B4496-E5BD-4708-8809-8DC65E362BDC}.Debug|Any CPU.Build.0 = Debug|Any CPU
		{B00B4496-E5BD-4708-8809-8DC65E362BDC}.Release|Any CPU.ActiveCfg = Release|Any CPU
		{B00B4496-E5BD-4708-8809-8DC65E362BDC}.Release|Any CPU.Build.0 = Release|Any CPU
	EndGlobalSection
	GlobalSection(NestedProjects) = preSolution
		{39797345-C3F8-4FAE-969A-EAD539D09BB6} = {EF68239C-A82D-4C48-854A-C47FB9E409ED}
		{E46D96E5-BC8E-43FE-9A67-65FCBA953181} = {EF68239C-A82D-4C48-854A-C47FB9E409ED}
		{930B0FE6-5C2D-46F9-9E71-38A7D41660A5} = {EF68239C-A82D-4C48-854A-C47FB9E409ED}
		{B00B4496-E5BD-4708-8809-8DC65E362BDC} = {EF68239C-A82D-4C48-854A-C47FB9E409ED}
	EndGlobalSection
EndGlobal
